
Microsoft Visual Studio Solution File, Format Version 12.00
# Visual Studio Version 16
VisualStudioVersion = 16.0.30804.86
MinimumVisualStudioVersion = 10.0.40219.1
Project("{FAE04EC0-301F-11D3-BF4B-00C04F79EFBC}") = "Test11", "Test11.csproj", "{9949C860-EE95-4139-964F-62B6BDB2558E}"
EndProject
Global
	GlobalSection(SolutionConfigurationPlatforms) = preSolution
		Debug|Any CPU = Debug|Any CPU
		Release|Any CPU = Release|Any CPU
	EndGlobalSection
	GlobalSection(ProjectConfigurationPlatforms) = postSolution
		{9949C860-EE95-4139-964F-62B6BDB2558E}.Debug|Any CPU.ActiveCfg = Debug|Any CPU
		{9949C860-EE95-4139-964F-62B6BDB2558E}.Debug|Any CPU.Build.0 = Debug|Any CPU
		{9949C860-EE95-4139-964F-62B6BDB2558E}.Release|Any CPU.ActiveCfg = Release|Any CPU
		{9949C860-EE95-4139-964F-62B6BDB2558E}.Release|Any CPU.Build.0 = Release|Any CPU
	EndGlobalSection
	GlobalSection(SolutionProperties) = preSolution
		HideSolutionNode = FALSE
	EndGlobalSection
	GlobalSection(ExtensibilityGlobals) = postSolution
		SolutionGuid = {A8568FC7-017A-4D17-9CD8-072FE80FFF9B}
	EndGlobalSection
EndGlobal
